Microsoft Visual Studio Solution File, Format Version 11.00
# Visual Studio 2008

Project("{F33B8191-CCFD-8872-6D47-57EFD1AF619C}") = "Attrative Clicker", "Assembly-CSharp.csproj", "{B915649D-E752-4A02-296D-A6EFF15F55C0}"
EndProject
Global
	GlobalSection(SolutionConfigurationPlatforms) = preSolution
		Debug|Any CPU = Debug|Any CPU
		Release|Any CPU = Release|Any CPU
	EndGlobalSection
	GlobalSection(ProjectConfigurationPlatforms) = postSolution
		{B915649D-E752-4A02-296D-A6EFF15F55C0}.Debug|Any CPU.ActiveCfg = Debug|Any CPU
		{B915649D-E752-4A02-296D-A6EFF15F55C0}.Debug|Any CPU.Build.0 = Debug|Any CPU
		{B915649D-E752-4A02-296D-A6EFF15F55C0}.Release|Any CPU.ActiveCfg = Release|Any CPU
		{B915649D-E752-4A02-296D-A6EFF15F55C0}.Release|Any CPU.Build.0 = Release|Any CPU
	EndGlobalSection
	GlobalSection(SolutionProperties) = preSolution
		HideSolutionNode = FALSE
	EndGlobalSection
	GlobalSection(MonoDevelopProperties) = preSolution
		StartupItem = Assembly-CSharp.csproj
	EndGlobalSection
EndGlobal
